
Microsoft Visual Studio Solution File, Format Version 12.00
# Visual Studio 14
VisualStudioVersion = 14.0.25420.1
MinimumVisualStudioVersion = 10.0.40219.1
Project("{FAE04EC0-301F-11D3-BF4B-00C04F79EFBC}") = "Teste1", "Teste1\Teste1.csproj", "{1639698E-6597-4D6A-9EA7-0D32CE3BC67F}"
EndProject
Project("{FAE04EC0-301F-11D3-BF4B-00C04F79EFBC}") = "UnitTeste1", "UnitTeste1\UnitTeste1.csproj", "{AD7BA72F-BCA2-4D47-94CD-72919E5E635B}"
EndProject
Global
	GlobalSection(SolutionConfigurationPlatforms) = preSolution
		Debug|Any CPU = Debug|Any CPU
		Release|Any CPU = Release|Any CPU
	EndGlobalSection
	GlobalSection(ProjectConfigurationPlatforms) = postSolution
		{1639698E-6597-4D6A-9EA7-0D32CE3BC67F}.Debug|Any CPU.ActiveCfg = Debug|Any CPU
		{1639698E-6597-4D6A-9EA7-0D32CE3BC67F}.Debug|Any CPU.Build.0 = Debug|Any CPU
		{1639698E-6597-4D6A-9EA7-0D32CE3BC67F}.Release|Any CPU.ActiveCfg = Release|Any CPU
		{1639698E-6597-4D6A-9EA7-0D32CE3BC67F}.Release|Any CPU.Build.0 = Release|Any CPU
		{AD7BA72F-BCA2-4D47-94CD-72919E5E635B}.Debug|Any CPU.ActiveCfg = Debug|Any CPU
		{AD7BA72F-BCA2-4D47-94CD-72919E5E635B}.Debug|Any CPU.Build.0 = Debug|Any CPU
		{AD7BA72F-BCA2-4D47-94CD-72919E5E635B}.Release|Any CPU.ActiveCfg = Release|Any CPU
		{AD7BA72F-BCA2-4D47-94CD-72919E5E635B}.Release|Any CPU.Build.0 = Release|Any CPU
	EndGlobalSection
	GlobalSection(SolutionProperties) = preSolution
		HideSolutionNode = FALSE
	EndGlobalSection
EndGlobal
